// !$*UTF8*$!
{
	archiveVersion = 1;
	classes = {
	};
	objectVersion = 77;
	objects = {

/* Begin PBXBuildFile section */
		033AE0391CDF018ABD02B737 /* FlowUtils.swift in Sources */ = {isa = PBXBuildFile; fileRef = 90260F7840C4003D46EAD242 /* FlowUtils.swift */; };
		0423DF71F1827185B9ECD734 /* RemindersRootView.swift in Sources */ = {isa = PBXBuildFile; fileRef = 66B261D193B0C364A8CA57A4 /* RemindersRootView.swift */; };
		0776859050028A3FEE77110D /* NavigationContainers.swift in Sources */ = {isa = PBXBuildFile; fileRef = F1C02803533B2D78658ABB95 /* NavigationContainers.swift */; };
		0B2657459C05185EA86E5B75 /* TasksRepositoryImpl.swift in Sources */ = {isa = PBXBuildFile; fileRef = 1048CC77964A92134A5B65B2 /* TasksRepositoryImpl.swift */; };
		118AE9A0F846486E8F53BE9D /* NavigationUtils.swift in Sources */ = {isa = PBXBuildFile; fileRef = C884BCE931C440F1845887A7 /* NavigationUtils.swift */; };
		173C2B09580E1AA33E3C2ABA /* ContentView.swift in Sources */ = {isa = PBXBuildFile; fileRef = EA8F2A875CDF1E5AA309B600 /* ContentView.swift */; };
		30170848BB27FDDCD2D5CDAB /* TaskRowView.swift in Sources */ = {isa = PBXBuildFile; fileRef = E930B642150759D961AFC198 /* TaskRowView.swift */; };
		30A9B74EF5CC9A00AB71982C /* TasksRepository.swift in Sources */ = {isa = PBXBuildFile; fileRef = 78D770221C5124D58A59FB5E /* TasksRepository.swift */; };
		31453A9C26D2CCA00297FFFE /* TaskTemplatesRepositoryImpl.swift in Sources */ = {isa = PBXBuildFile; fileRef = E5F840A986ABC08789C90EA6 /* TaskTemplatesRepositoryImpl.swift */; };
		325CBBA65AF6DEA1BF66F1D6 /* TemplateNameInputView.swift in Sources */ = {isa = PBXBuildFile; fileRef = 0D5D5FF5D6F88002BEF16606 /* TemplateNameInputView.swift */; };
		33E18F05B30C5599EFC4C692 /* ReminderDetailsView.swift in Sources */ = {isa = PBXBuildFile; fileRef = 4612717490FCEACB644CD126 /* ReminderDetailsView.swift */; };
		3AA066A59FFC7C0EBABCB0C7 /* TasksViewModel.swift in Sources */ = {isa = PBXBuildFile; fileRef = 5501B04E13AA8BD0DC1936A5 /* TasksViewModel.swift */; };
		3F190836AB347667BF111BE8 /* TemplatesRootView.swift in Sources */ = {isa = PBXBuildFile; fileRef = 1BE056BF1ADA2D89E3D78A3F /* TemplatesRootView.swift */; };
		40211259DF891C250656FF1A /* NavigationRepositoryImpl.swift in Sources */ = {isa = PBXBuildFile; fileRef = DD776836A7AF68FE1BE1316E /* NavigationRepositoryImpl.swift */; };
		440D0D060304317E22DED450 /* MessagesRepositoryImpl.swift in Sources */ = {isa = PBXBuildFile; fileRef = 9693DE1E0902A084CDDACEB9 /* MessagesRepositoryImpl.swift */; };
		4C6AA59B8D22492F97C76B14 /* ScrollBlinkHighlighter.swift in Sources */ = {isa = PBXBuildFile; fileRef = 4A3F1D56E59648A9B1830B03 /* ScrollBlinkHighlighter.swift */; };
		5B12B5A18DBBDE970AC4C395 /* MessagesRepository.swift in Sources */ = {isa = PBXBuildFile; fileRef = 26BD05D101C7994ECC0C661D /* MessagesRepository.swift */; };
		6BD275F230646BF8E2E435FF /* TaskDetailsView.swift in Sources */ = {isa = PBXBuildFile; fileRef = BC958C61ACC1F61BBA16A140 /* TaskDetailsView.swift */; };
		7B92881A356B07AD8426B453 /* TemplateTreeView.swift in Sources */ = {isa = PBXBuildFile; fileRef = 27C9FBED48AEFDB8615F2E57 /* TemplateTreeView.swift */; };
		83A1161F0201B8B2EFEA446C /* ToastOverlayModifier.swift in Sources */ = {isa = PBXBuildFile; fileRef = 8C26B57210B7F981746C5520 /* ToastOverlayModifier.swift */; };
		8C534375B553EE0B96C8C4EE /* RemindersViewModel.swift in Sources */ = {isa = PBXBuildFile; fileRef = FD35AC6456D6CB3E6F58FA34 /* RemindersViewModel.swift */; };
		8FC8051767E26D87F92B5B12 /* iOSReminderHandler.swift in Sources */ = {isa = PBXBuildFile; fileRef = 92E32EC5D9198DF66B2FFE15 /* iOSReminderHandler.swift */; };
		994144BEE92DD29B5BE5AFC4 /* TaskBridgeApp.swift in Sources */ = {isa = PBXBuildFile; fileRef = 8E300853D65664E59F553BF7 /* TaskBridgeApp.swift */; };
		9A341D09DD9AF5B5B71A9FC4 /* ScreenPlaceholderView.swift in Sources */ = {isa = PBXBuildFile; fileRef = 4C278D42D04BA8D5C9CC4FCD /* ScreenPlaceholderView.swift */; };
		9C01283FD14F64141B9C573E /* TaskEditSheet.swift in Sources */ = {isa = PBXBuildFile; fileRef = E038DC89354E45F630A46A60 /* TaskEditSheet.swift */; };
		A7F34EC45AE2645D00C047AF /* NavigationRepository.swift in Sources */ = {isa = PBXBuildFile; fileRef = 92A4367BEAE8DB4EA5AA9343 /* NavigationRepository.swift */; };
		AA051B7986C86083AF297931 /* TaskReminderSheet.swift in Sources */ = {isa = PBXBuildFile; fileRef = 2E54B2ABD259366FDC89F49D /* TaskReminderSheet.swift */; };
		C5613BD9842D6B9A78D29EA4 /* TaskTemplatesRepository.swift in Sources */ = {isa = PBXBuildFile; fileRef = 9542997F782C197AF50B79E7 /* TaskTemplatesRepository.swift */; };
		C87389D7316AE4B457E31AF5 /* RemindersRepository.swift in Sources */ = {isa = PBXBuildFile; fileRef = 9E8F7FF7B65770B23795D4D9 /* RemindersRepository.swift */; };
		CF6C727D00F16588FB77F5D6 /* ToastView.swift in Sources */ = {isa = PBXBuildFile; fileRef = AC581B55731E5987A96B89B6 /* ToastView.swift */; };
		DDACA7B21711CC1B3ED4A0ED /* TasksRootView.swift in Sources */ = {isa = PBXBuildFile; fileRef = 4674190DFECF1A236713E5E7 /* TasksRootView.swift */; };
		EBDFA0FDC447D62C55E13295 /* RemindersRepositoryImpl.swift in Sources */ = {isa = PBXBuildFile; fileRef = 77D02DE89B338FD283E3A926 /* RemindersRepositoryImpl.swift */; };
		F3EF7B87455E1017F1F8B0B6 /* TaskTemplatesViewModel.swift in Sources */ = {isa = PBXBuildFile; fileRef = B4D7375A1C9327D972806DEA /* TaskTemplatesViewModel.swift */; };
		F526DE1B09E277D1867F9118 /* CreateTaskView.swift in Sources */ = {isa = PBXBuildFile; fileRef = 7C22600567804F42FCCDDF18 /* CreateTaskView.swift */; };
		FE5E5A614A589A783F969E03 /* ToastPresenter.swift in Sources */ = {isa = PBXBuildFile; fileRef = CFD7806351D8DB097F97F0B0 /* ToastPresenter.swift */; };
/* End PBXBuildFile section */

/* Begin PBXFileReference section */
		0B3AF71ADBE0A464992FF535 /* .gitkeep */ = {isa = PBXFileReference; path = .gitkeep; sourceTree = "<group>"; };
		0D5D5FF5D6F88002BEF16606 /* TemplateNameInputView.swift */ = {isa = PBXFileReference; lastKnownFileType = sourcecode.swift; path = TemplateNameInputView.swift; sourceTree = "<group>"; };
		100C05F6A0A41CAC52B22E50 /* .gitkeep */ = {isa = PBXFileReference; path = .gitkeep; sourceTree = "<group>"; };
		1048CC77964A92134A5B65B2 /* TasksRepositoryImpl.swift */ = {isa = PBXFileReference; lastKnownFileType = sourcecode.swift; path = TasksRepositoryImpl.swift; sourceTree = "<group>"; };
		1471703C39D83E55CB6ACF6B /* .gitkeep */ = {isa = PBXFileReference; path = .gitkeep; sourceTree = "<group>"; };
		1B97E63E00F5973C853BA16A /* .gitkeep */ = {isa = PBXFileReference; path = .gitkeep; sourceTree = "<group>"; };
		1BE056BF1ADA2D89E3D78A3F /* TemplatesRootView.swift */ = {isa = PBXFileReference; lastKnownFileType = sourcecode.swift; path = TemplatesRootView.swift; sourceTree = "<group>"; };
		26BD05D101C7994ECC0C661D /* MessagesRepository.swift */ = {isa = PBXFileReference; lastKnownFileType = sourcecode.swift; path = MessagesRepository.swift; sourceTree = "<group>"; };
		27C9FBED48AEFDB8615F2E57 /* TemplateTreeView.swift */ = {isa = PBXFileReference; lastKnownFileType = sourcecode.swift; path = TemplateTreeView.swift; sourceTree = "<group>"; };
		2E54B2ABD259366FDC89F49D /* TaskReminderSheet.swift */ = {isa = PBXFileReference; lastKnownFileType = sourcecode.swift; path = TaskReminderSheet.swift; sourceTree = "<group>"; };
		4612717490FCEACB644CD126 /* ReminderDetailsView.swift */ = {isa = PBXFileReference; lastKnownFileType = sourcecode.swift; path = ReminderDetailsView.swift; sourceTree = "<group>"; };
		4A3F1D56E59648A9B1830B03 /* ScrollBlinkHighlighter.swift */ = {isa = PBXFileReference; lastKnownFileType = sourcecode.swift; path = ScrollBlinkHighlighter.swift; sourceTree = "<group>"; };
		4674190DFECF1A236713E5E7 /* TasksRootView.swift */ = {isa = PBXFileReference; lastKnownFileType = sourcecode.swift; path = TasksRootView.swift; sourceTree = "<group>"; };
		4C278D42D04BA8D5C9CC4FCD /* ScreenPlaceholderView.swift */ = {isa = PBXFileReference; lastKnownFileType = sourcecode.swift; path = ScreenPlaceholderView.swift; sourceTree = "<group>"; };
		549A51DB6F117F9A1E388981 /* TaskBridge.app */ = {isa = PBXFileReference; includeInIndex = 0; lastKnownFileType = wrapper.application; path = TaskBridge.app; sourceTree = BUILT_PRODUCTS_DIR; };
		5501B04E13AA8BD0DC1936A5 /* TasksViewModel.swift */ = {isa = PBXFileReference; lastKnownFileType = sourcecode.swift; path = TasksViewModel.swift; sourceTree = "<group>"; };
		66B261D193B0C364A8CA57A4 /* RemindersRootView.swift */ = {isa = PBXFileReference; lastKnownFileType = sourcecode.swift; path = RemindersRootView.swift; sourceTree = "<group>"; };
		77D02DE89B338FD283E3A926 /* RemindersRepositoryImpl.swift */ = {isa = PBXFileReference; lastKnownFileType = sourcecode.swift; path = RemindersRepositoryImpl.swift; sourceTree = "<group>"; };
		78D770221C5124D58A59FB5E /* TasksRepository.swift */ = {isa = PBXFileReference; lastKnownFileType = sourcecode.swift; path = TasksRepository.swift; sourceTree = "<group>"; };
		79F715BC0F66D0E066E57B64 /* .gitkeep */ = {isa = PBXFileReference; path = .gitkeep; sourceTree = "<group>"; };
		7C22600567804F42FCCDDF18 /* CreateTaskView.swift */ = {isa = PBXFileReference; lastKnownFileType = sourcecode.swift; path = CreateTaskView.swift; sourceTree = "<group>"; };
		8C26B57210B7F981746C5520 /* ToastOverlayModifier.swift */ = {isa = PBXFileReference; lastKnownFileType = sourcecode.swift; path = ToastOverlayModifier.swift; sourceTree = "<group>"; };
		8E300853D65664E59F553BF7 /* TaskBridgeApp.swift */ = {isa = PBXFileReference; lastKnownFileType = sourcecode.swift; path = TaskBridgeApp.swift; sourceTree = "<group>"; };
		90260F7840C4003D46EAD242 /* FlowUtils.swift */ = {isa = PBXFileReference; lastKnownFileType = sourcecode.swift; path = FlowUtils.swift; sourceTree = "<group>"; };
		92A4367BEAE8DB4EA5AA9343 /* NavigationRepository.swift */ = {isa = PBXFileReference; lastKnownFileType = sourcecode.swift; path = NavigationRepository.swift; sourceTree = "<group>"; };
		92E32EC5D9198DF66B2FFE15 /* iOSReminderHandler.swift */ = {isa = PBXFileReference; lastKnownFileType = sourcecode.swift; path = iOSReminderHandler.swift; sourceTree = "<group>"; };
		9542997F782C197AF50B79E7 /* TaskTemplatesRepository.swift */ = {isa = PBXFileReference; lastKnownFileType = sourcecode.swift; path = TaskTemplatesRepository.swift; sourceTree = "<group>"; };
		9693DE1E0902A084CDDACEB9 /* MessagesRepositoryImpl.swift */ = {isa = PBXFileReference; lastKnownFileType = sourcecode.swift; path = MessagesRepositoryImpl.swift; sourceTree = "<group>"; };
		9E8F7FF7B65770B23795D4D9 /* RemindersRepository.swift */ = {isa = PBXFileReference; lastKnownFileType = sourcecode.swift; path = RemindersRepository.swift; sourceTree = "<group>"; };
		AC581B55731E5987A96B89B6 /* ToastView.swift */ = {isa = PBXFileReference; lastKnownFileType = sourcecode.swift; path = ToastView.swift; sourceTree = "<group>"; };
		B4D7375A1C9327D972806DEA /* TaskTemplatesViewModel.swift */ = {isa = PBXFileReference; lastKnownFileType = sourcecode.swift; path = TaskTemplatesViewModel.swift; sourceTree = "<group>"; };
		BC958C61ACC1F61BBA16A140 /* TaskDetailsView.swift */ = {isa = PBXFileReference; lastKnownFileType = sourcecode.swift; path = TaskDetailsView.swift; sourceTree = "<group>"; };
		C884BCE931C440F1845887A7 /* NavigationUtils.swift */ = {isa = PBXFileReference; lastKnownFileType = sourcecode.swift; path = NavigationUtils.swift; sourceTree = "<group>"; };
		CFD7806351D8DB097F97F0B0 /* ToastPresenter.swift */ = {isa = PBXFileReference; lastKnownFileType = sourcecode.swift; path = ToastPresenter.swift; sourceTree = "<group>"; };
		D89970E7DAE2C573959AE83F /* .gitkeep */ = {isa = PBXFileReference; path = .gitkeep; sourceTree = "<group>"; };
		DD776836A7AF68FE1BE1316E /* NavigationRepositoryImpl.swift */ = {isa = PBXFileReference; lastKnownFileType = sourcecode.swift; path = NavigationRepositoryImpl.swift; sourceTree = "<group>"; };
		E038DC89354E45F630A46A60 /* TaskEditSheet.swift */ = {isa = PBXFileReference; lastKnownFileType = sourcecode.swift; path = TaskEditSheet.swift; sourceTree = "<group>"; };
		E5F840A986ABC08789C90EA6 /* TaskTemplatesRepositoryImpl.swift */ = {isa = PBXFileReference; lastKnownFileType = sourcecode.swift; path = TaskTemplatesRepositoryImpl.swift; sourceTree = "<group>"; };
		E930B642150759D961AFC198 /* TaskRowView.swift */ = {isa = PBXFileReference; lastKnownFileType = sourcecode.swift; path = TaskRowView.swift; sourceTree = "<group>"; };
		EA8F2A875CDF1E5AA309B600 /* ContentView.swift */ = {isa = PBXFileReference; lastKnownFileType = sourcecode.swift; path = ContentView.swift; sourceTree = "<group>"; };
		F1C02803533B2D78658ABB95 /* NavigationContainers.swift */ = {isa = PBXFileReference; lastKnownFileType = sourcecode.swift; path = NavigationContainers.swift; sourceTree = "<group>"; };
		FD35AC6456D6CB3E6F58FA34 /* RemindersViewModel.swift */ = {isa = PBXFileReference; lastKnownFileType = sourcecode.swift; path = RemindersViewModel.swift; sourceTree = "<group>"; };
/* End PBXFileReference section */

/* Begin PBXGroup section */
		052143E29F349A76091796CE /* Utils */ = {
			isa = PBXGroup;
			children = (
				1B97E63E00F5973C853BA16A /* .gitkeep */,
				90260F7840C4003D46EAD242 /* FlowUtils.swift */,
				C884BCE931C440F1845887A7 /* NavigationUtils.swift */,
			);
			path = Utils;
			sourceTree = "<group>";
		};
		10EFA67B3B3823034809761F = {
			isa = PBXGroup;
			children = (
				E6749F32672D596F81F5C25B /* TaskBridge */,
				C38067A826B7F63816ED08E6 /* Products */,
			);
			sourceTree = "<group>";
		};
		1983F476E2A2FEA90DAC9B37 /* Repository */ = {
			isa = PBXGroup;
			children = (
				0B3AF71ADBE0A464992FF535 /* .gitkeep */,
				26BD05D101C7994ECC0C661D /* MessagesRepository.swift */,
				92A4367BEAE8DB4EA5AA9343 /* NavigationRepository.swift */,
				9E8F7FF7B65770B23795D4D9 /* RemindersRepository.swift */,
				78D770221C5124D58A59FB5E /* TasksRepository.swift */,
				9542997F782C197AF50B79E7 /* TaskTemplatesRepository.swift */,
				A204D9399EE66115C4B8F82A /* Impl */,
			);
			path = Repository;
			sourceTree = "<group>";
		};
		25ED528D673E90C8A1228611 /* UIComponents */ = {
			isa = PBXGroup;
			children = (
				4A3F1D56E59648A9B1830B03 /* ScrollBlinkHighlighter.swift */,
				2E1822C483E4BEA3FF19C150 /* Toast */,
			);
			path = UIComponents;
			sourceTree = "<group>";
		};
		2E1822C483E4BEA3FF19C150 /* Toast */ = {
			isa = PBXGroup;
			children = (
				8C26B57210B7F981746C5520 /* ToastOverlayModifier.swift */,
				CFD7806351D8DB097F97F0B0 /* ToastPresenter.swift */,
				AC581B55731E5987A96B89B6 /* ToastView.swift */,
			);
			path = Toast;
			sourceTree = "<group>";
		};
		3449DA6A81190C50EEFA71F6 /* Handlers */ = {
			isa = PBXGroup;
			children = (
				945D15A1EEF9ADCAFEC79AFA /* Reminders */,
			);
			path = Handlers;
			sourceTree = "<group>";
		};
		3A9047E2C9ADE6EA6DA00E50 /* Templates */ = {
			isa = PBXGroup;
			children = (
				1BE056BF1ADA2D89E3D78A3F /* TemplatesRootView.swift */,
				27C9FBED48AEFDB8615F2E57 /* TemplateTreeView.swift */,
			);
			path = Templates;
			sourceTree = "<group>";
		};
		6598A660703B2F5E21B4981A /* Tasks */ = {
			isa = PBXGroup;
			children = (
				BC958C61ACC1F61BBA16A140 /* TaskDetailsView.swift */,
				E038DC89354E45F630A46A60 /* TaskEditSheet.swift */,
				2E54B2ABD259366FDC89F49D /* TaskReminderSheet.swift */,
				E930B642150759D961AFC198 /* TaskRowView.swift */,
				4674190DFECF1A236713E5E7 /* TasksRootView.swift */,
			);
			path = Tasks;
			sourceTree = "<group>";
		};
		671411942B23ED6DE106AA53 /* Navigation */ = {
			isa = PBXGroup;
			children = (
				D89970E7DAE2C573959AE83F /* .gitkeep */,
				F1C02803533B2D78658ABB95 /* NavigationContainers.swift */,
			);
			path = Navigation;
			sourceTree = "<group>";
		};
		77791701940F6F3E77AB8D68 /* Reminders */ = {
			isa = PBXGroup;
			children = (
				66B261D193B0C364A8CA57A4 /* RemindersRootView.swift */,
			);
			path = Reminders;
			sourceTree = "<group>";
		};
		7918431021088B4179B287A7 /* Templates */ = {
			isa = PBXGroup;
			children = (
				79F715BC0F66D0E066E57B64 /* .gitkeep */,
				B4D7375A1C9327D972806DEA /* TaskTemplatesViewModel.swift */,
			);
			path = Templates;
			sourceTree = "<group>";
		};
		945D15A1EEF9ADCAFEC79AFA /* Reminders */ = {
			isa = PBXGroup;
			children = (
				92E32EC5D9198DF66B2FFE15 /* iOSReminderHandler.swift */,
			);
			path = Reminders;
			sourceTree = "<group>";
		};
		A204D9399EE66115C4B8F82A /* Impl */ = {
			isa = PBXGroup;
			children = (
				1471703C39D83E55CB6ACF6B /* .gitkeep */,
				9693DE1E0902A084CDDACEB9 /* MessagesRepositoryImpl.swift */,
				DD776836A7AF68FE1BE1316E /* NavigationRepositoryImpl.swift */,
				77D02DE89B338FD283E3A926 /* RemindersRepositoryImpl.swift */,
				1048CC77964A92134A5B65B2 /* TasksRepositoryImpl.swift */,
				E5F840A986ABC08789C90EA6 /* TaskTemplatesRepositoryImpl.swift */,
			);
			path = Impl;
			sourceTree = "<group>";
		};
		C38067A826B7F63816ED08E6 /* Products */ = {
			isa = PBXGroup;
			children = (
				549A51DB6F117F9A1E388981 /* TaskBridge.app */,
			);
			name = Products;
			sourceTree = "<group>";
		};
		D8E5EB3F9B073F60DB25F6C1 /* Reminders */ = {
			isa = PBXGroup;
			children = (
				FD35AC6456D6CB3E6F58FA34 /* RemindersViewModel.swift */,
			);
			path = Reminders;
			sourceTree = "<group>";
		};
		E6749F32672D596F81F5C25B /* TaskBridge */ = {
			isa = PBXGroup;
			children = (
				EA8F2A875CDF1E5AA309B600 /* ContentView.swift */,
				8E300853D65664E59F553BF7 /* TaskBridgeApp.swift */,
				3449DA6A81190C50EEFA71F6 /* Handlers */,
				1983F476E2A2FEA90DAC9B37 /* Repository */,
				FCE693FB3A349D573DE9C978 /* UI */,
				25ED528D673E90C8A1228611 /* UIComponents */,
				052143E29F349A76091796CE /* Utils */,
			);
			path = TaskBridge;
			sourceTree = "<group>";
		};
		E82B1446E76A6F3DED9F7CE5 /* Screens */ = {
			isa = PBXGroup;
			children = (
				100C05F6A0A41CAC52B22E50 /* .gitkeep */,
				7C22600567804F42FCCDDF18 /* CreateTaskView.swift */,
				4612717490FCEACB644CD126 /* ReminderDetailsView.swift */,
				4C278D42D04BA8D5C9CC4FCD /* ScreenPlaceholderView.swift */,
				0D5D5FF5D6F88002BEF16606 /* TemplateNameInputView.swift */,
				77791701940F6F3E77AB8D68 /* Reminders */,
				6598A660703B2F5E21B4981A /* Tasks */,
				3A9047E2C9ADE6EA6DA00E50 /* Templates */,
			);
			path = Screens;
			sourceTree = "<group>";
		};
		F962B80E325139418DD42867 /* Tasks */ = {
			isa = PBXGroup;
			children = (
				5501B04E13AA8BD0DC1936A5 /* TasksViewModel.swift */,
			);
			path = Tasks;
			sourceTree = "<group>";
		};
		FCE693FB3A349D573DE9C978 /* UI */ = {
			isa = PBXGroup;
			children = (
				671411942B23ED6DE106AA53 /* Navigation */,
				D8E5EB3F9B073F60DB25F6C1 /* Reminders */,
				E82B1446E76A6F3DED9F7CE5 /* Screens */,
				F962B80E325139418DD42867 /* Tasks */,
				7918431021088B4179B287A7 /* Templates */,
			);
			path = UI;
			sourceTree = "<group>";
		};
/* End PBXGroup section */

/* Begin PBXNativeTarget section */
		AD3AE2C2237F178130DD6BE4 /* TaskBridge */ = {
			isa = PBXNativeTarget;
			buildConfigurationList = 86D68FCF486C23A2BB1F88F4 /* Build configuration list for PBXNativeTarget "TaskBridge" */;
			buildPhases = (
				9AF3F0347E99D51806A7CDFC /* Build KMP framework */,
				BD9E12E3FDE91C6D2BB42BAB /* Sources */,
			);
			buildRules = (
			);
			dependencies = (
			);
			name = TaskBridge;
			packageProductDependencies = (
			);
			productName = TaskBridge;
			productReference = 549A51DB6F117F9A1E388981 /* TaskBridge.app */;
			productType = "com.apple.product-type.application";
		};
/* End PBXNativeTarget section */

/* Begin PBXProject section */
		A36DD4BD5E229879ED0AEC50 /* Project object */ = {
			isa = PBXProject;
			attributes = {
				BuildIndependentTargetsInParallel = YES;
				LastUpgradeCheck = 1430;
				TargetAttributes = {
				};
			};
			buildConfigurationList = 2DC0CC7D9D5138234B29788A /* Build configuration list for PBXProject "TaskBridge" */;
			developmentRegion = en;
			hasScannedForEncodings = 0;
			knownRegions = (
				Base,
				en,
			);
			mainGroup = 10EFA67B3B3823034809761F;
			minimizedProjectReferenceProxies = 1;
			preferredProjectObjectVersion = 77;
			productRefGroup = C38067A826B7F63816ED08E6 /* Products */;
			projectDirPath = "";
			projectRoot = "";
			targets = (
				AD3AE2C2237F178130DD6BE4 /* TaskBridge */,
			);
		};
/* End PBXProject section */

/* Begin PBXShellScriptBuildPhase section */
		9AF3F0347E99D51806A7CDFC /* Build KMP framework */ = {
			isa = PBXShellScriptBuildPhase;
			alwaysOutOfDate = 1;
			buildActionMask = 2147483647;
			files = (
			);
			inputFileListPaths = (
			);
			inputPaths = (
			);
			name = "Build KMP framework";
			outputFileListPaths = (
			);
			outputPaths = (
			);
			runOnlyForDeploymentPostprocessing = 0;
			shellPath = /bin/sh;
			shellScript = "mkdir -p \"$SRCROOT/../Core/build/xcode-frameworks/$CONFIGURATION/$SDK_NAME\"\n\ncd \"$SRCROOT/..\"\nif [ -z \"$JAVA_HOME\" ]; then\n  export JAVA_HOME=$(/usr/libexec/java_home -v 17)\nfi\n./gradlew :Core:embedAndSignAppleFrameworkForXcode\n";
		};
/* End PBXShellScriptBuildPhase section */

/* Begin PBXSourcesBuildPhase section */
		BD9E12E3FDE91C6D2BB42BAB /* Sources */ = {
			isa = PBXSourcesBuildPhase;
			buildActionMask = 2147483647;
			files = (
				173C2B09580E1AA33E3C2ABA /* ContentView.swift in Sources */,
				F526DE1B09E277D1867F9118 /* CreateTaskView.swift in Sources */,
				033AE0391CDF018ABD02B737 /* FlowUtils.swift in Sources */,
				5B12B5A18DBBDE970AC4C395 /* MessagesRepository.swift in Sources */,
				440D0D060304317E22DED450 /* MessagesRepositoryImpl.swift in Sources */,
				0776859050028A3FEE77110D /* NavigationContainers.swift in Sources */,
				A7F34EC45AE2645D00C047AF /* NavigationRepository.swift in Sources */,
				40211259DF891C250656FF1A /* NavigationRepositoryImpl.swift in Sources */,
				118AE9A0F846486E8F53BE9D /* NavigationUtils.swift in Sources */,
				33E18F05B30C5599EFC4C692 /* ReminderDetailsView.swift in Sources */,
				C87389D7316AE4B457E31AF5 /* RemindersRepository.swift in Sources */,
				EBDFA0FDC447D62C55E13295 /* RemindersRepositoryImpl.swift in Sources */,
				0423DF71F1827185B9ECD734 /* RemindersRootView.swift in Sources */,
				8C534375B553EE0B96C8C4EE /* RemindersViewModel.swift in Sources */,
				4C6AA59B8D22492F97C76B14 /* ScrollBlinkHighlighter.swift in Sources */,
				9A341D09DD9AF5B5B71A9FC4 /* ScreenPlaceholderView.swift in Sources */,
				994144BEE92DD29B5BE5AFC4 /* TaskBridgeApp.swift in Sources */,
				6BD275F230646BF8E2E435FF /* TaskDetailsView.swift in Sources */,
				9C01283FD14F64141B9C573E /* TaskEditSheet.swift in Sources */,
				AA051B7986C86083AF297931 /* TaskReminderSheet.swift in Sources */,
				30170848BB27FDDCD2D5CDAB /* TaskRowView.swift in Sources */,
				C5613BD9842D6B9A78D29EA4 /* TaskTemplatesRepository.swift in Sources */,
				31453A9C26D2CCA00297FFFE /* TaskTemplatesRepositoryImpl.swift in Sources */,
				F3EF7B87455E1017F1F8B0B6 /* TaskTemplatesViewModel.swift in Sources */,
				30A9B74EF5CC9A00AB71982C /* TasksRepository.swift in Sources */,
				0B2657459C05185EA86E5B75 /* TasksRepositoryImpl.swift in Sources */,
				DDACA7B21711CC1B3ED4A0ED /* TasksRootView.swift in Sources */,
				3AA066A59FFC7C0EBABCB0C7 /* TasksViewModel.swift in Sources */,
				325CBBA65AF6DEA1BF66F1D6 /* TemplateNameInputView.swift in Sources */,
				7B92881A356B07AD8426B453 /* TemplateTreeView.swift in Sources */,
				3F190836AB347667BF111BE8 /* TemplatesRootView.swift in Sources */,
				83A1161F0201B8B2EFEA446C /* ToastOverlayModifier.swift in Sources */,
				FE5E5A614A589A783F969E03 /* ToastPresenter.swift in Sources */,
				CF6C727D00F16588FB77F5D6 /* ToastView.swift in Sources */,
				8FC8051767E26D87F92B5B12 /* iOSReminderHandler.swift in Sources */,
			);
			runOnlyForDeploymentPostprocessing = 0;
		};
/* End PBXSourcesBuildPhase section */

/* Begin XCBuildConfiguration section */
		1F8DBE65542366C0F6F69B42 /* Debug */ = {
			isa = XCBuildConfiguration;
			buildSettings = {
				ALWAYS_SEARCH_USER_PATHS = NO;
				CLANG_ANALYZER_NONNULL = YES;
				CLANG_ANALYZER_NUMBER_OBJECT_CONVERSION = YES_AGGRESSIVE;
				CLANG_CXX_LANGUAGE_STANDARD = "gnu++14";
				CLANG_CXX_LIBRARY = "libc++";
				CLANG_ENABLE_MODULES = YES;
				CLANG_ENABLE_OBJC_ARC = YES;
				CLANG_ENABLE_OBJC_WEAK = YES;
				CLANG_WARN_BLOCK_CAPTURE_AUTORELEASING = YES;
				CLANG_WARN_BOOL_CONVERSION = YES;
				CLANG_WARN_COMMA = YES;
				CLANG_WARN_CONSTANT_CONVERSION = YES;
				CLANG_WARN_DEPRECATED_OBJC_IMPLEMENTATIONS = YES;
				CLANG_WARN_DIRECT_OBJC_ISA_USAGE = YES_ERROR;
				CLANG_WARN_DOCUMENTATION_COMMENTS = YES;
				CLANG_WARN_EMPTY_BODY = YES;
				CLANG_WARN_ENUM_CONVERSION = YES;
				CLANG_WARN_INFINITE_RECURSION = YES;
				CLANG_WARN_INT_CONVERSION = YES;
				CLANG_WARN_NON_LITERAL_NULL_CONVERSION = YES;
				CLANG_WARN_OBJC_IMPLICIT_RETAIN_SELF = YES;
				CLANG_WARN_OBJC_LITERAL_CONVERSION = YES;
				CLANG_WARN_OBJC_ROOT_CLASS = YES_ERROR;
				CLANG_WARN_QUOTED_INCLUDE_IN_FRAMEWORK_HEADER = YES;
				CLANG_WARN_RANGE_LOOP_ANALYSIS = YES;
				CLANG_WARN_STRICT_PROTOTYPES = YES;
				CLANG_WARN_SUSPICIOUS_MOVE = YES;
				CLANG_WARN_UNGUARDED_AVAILABILITY = YES_AGGRESSIVE;
				CLANG_WARN_UNREACHABLE_CODE = YES;
				CLANG_WARN__DUPLICATE_METHOD_MATCH = YES;
				COPY_PHASE_STRIP = NO;
				DEBUG_INFORMATION_FORMAT = dwarf;
				ENABLE_STRICT_OBJC_MSGSEND = YES;
				ENABLE_TESTABILITY = YES;
				GCC_C_LANGUAGE_STANDARD = gnu11;
				GCC_DYNAMIC_NO_PIC = NO;
				GCC_NO_COMMON_BLOCKS = YES;
				GCC_OPTIMIZATION_LEVEL = 0;
				GCC_PREPROCESSOR_DEFINITIONS = (
					"$(inherited)",
					"DEBUG=1",
				);
				GCC_WARN_64_TO_32_BIT_CONVERSION = YES;
				GCC_WARN_ABOUT_RETURN_TYPE = YES_ERROR;
				GCC_WARN_UNDECLARED_SELECTOR = YES;
				GCC_WARN_UNINITIALIZED_AUTOS = YES_AGGRESSIVE;
				GCC_WARN_UNUSED_FUNCTION = YES;
				GCC_WARN_UNUSED_VARIABLE = YES;
				MTL_ENABLE_DEBUG_INFO = INCLUDE_SOURCE;
				MTL_FAST_MATH = YES;
				ONLY_ACTIVE_ARCH = YES;
				PRODUCT_NAME = "$(TARGET_NAME)";
				SDKROOT = iphoneos;
				SWIFT_ACTIVE_COMPILATION_CONDITIONS = DEBUG;
				SWIFT_OPTIMIZATION_LEVEL = "-Onone";
				SWIFT_VERSION = 5.0;
			};
			name = Debug;
		};
		4C217059808AD6FF59B4F201 /* Release */ = {
			isa = XCBuildConfiguration;
			buildSettings = {
				ASSETCATALOG_COMPILER_APPICON_NAME = AppIcon;
				CLANG_WARN_DOCUMENTATION_COMMENTS = NO;
				CLANG_WARN_QUOTED_INCLUDE_IN_FRAMEWORK_HEADER = NO;
				CODE_SIGN_IDENTITY = "iPhone Developer";
				COMPILER_INDEX_STORE_ENABLE = NO;
				CURRENT_PROJECT_VERSION = 1;
				ENABLE_USER_SCRIPT_SANDBOXING = NO;
				FRAMEWORK_SEARCH_PATHS = (
					"$(inherited)",
					"$(SRCROOT)/../Core/build/xcode-frameworks/$(CONFIGURATION)/$(SDK_NAME)",
				);
				GCC_WARN_64_TO_32_BIT_CONVERSION = NO;
				GENERATE_INFOPLIST_FILE = YES;
				INFOPLIST_KEY_UILaunchScreen_Generation = YES;
				IPHONEOS_DEPLOYMENT_TARGET = 16.0;
				LD_RUNPATH_SEARCH_PATHS = (
					"$(inherited)",
					"@executable_path/Frameworks",
				);
				MARKETING_VERSION = 1.0;
				OTHER_LDFLAGS = "$(inherited) -framework TaskBridgeCore";
				PRODUCT_BUNDLE_IDENTIFIER = com.taskbridge.TaskBridge;
				RUN_CLANG_STATIC_ANALYZER = NO;
				SDKROOT = iphoneos;
				TARGETED_DEVICE_FAMILY = "1,2";
			};
			name = Release;
		};
		78F7C3E5F3F0BD0120AA494D /* Release */ = {
			isa = XCBuildConfiguration;
			buildSettings = {
				ALWAYS_SEARCH_USER_PATHS = NO;
				CLANG_ANALYZER_NONNULL = YES;
				CLANG_ANALYZER_NUMBER_OBJECT_CONVERSION = YES_AGGRESSIVE;
				CLANG_CXX_LANGUAGE_STANDARD = "gnu++14";
				CLANG_CXX_LIBRARY = "libc++";
				CLANG_ENABLE_MODULES = YES;
				CLANG_ENABLE_OBJC_ARC = YES;
				CLANG_ENABLE_OBJC_WEAK = YES;
				CLANG_WARN_BLOCK_CAPTURE_AUTORELEASING = YES;
				CLANG_WARN_BOOL_CONVERSION = YES;
				CLANG_WARN_COMMA = YES;
				CLANG_WARN_CONSTANT_CONVERSION = YES;
				CLANG_WARN_DEPRECATED_OBJC_IMPLEMENTATIONS = YES;
				CLANG_WARN_DIRECT_OBJC_ISA_USAGE = YES_ERROR;
				CLANG_WARN_DOCUMENTATION_COMMENTS = YES;
				CLANG_WARN_EMPTY_BODY = YES;
				CLANG_WARN_ENUM_CONVERSION = YES;
				CLANG_WARN_INFINITE_RECURSION = YES;
				CLANG_WARN_INT_CONVERSION = YES;
				CLANG_WARN_NON_LITERAL_NULL_CONVERSION = YES;
				CLANG_WARN_OBJC_IMPLICIT_RETAIN_SELF = YES;
				CLANG_WARN_OBJC_LITERAL_CONVERSION = YES;
				CLANG_WARN_OBJC_ROOT_CLASS = YES_ERROR;
				CLANG_WARN_QUOTED_INCLUDE_IN_FRAMEWORK_HEADER = YES;
				CLANG_WARN_RANGE_LOOP_ANALYSIS = YES;
				CLANG_WARN_STRICT_PROTOTYPES = YES;
				CLANG_WARN_SUSPICIOUS_MOVE = YES;
				CLANG_WARN_UNGUARDED_AVAILABILITY = YES_AGGRESSIVE;
				CLANG_WARN_UNREACHABLE_CODE = YES;
				CLANG_WARN__DUPLICATE_METHOD_MATCH = YES;
				COPY_PHASE_STRIP = NO;
				DEBUG_INFORMATION_FORMAT = "dwarf-with-dsym";
				ENABLE_NS_ASSERTIONS = NO;
				ENABLE_STRICT_OBJC_MSGSEND = YES;
				GCC_C_LANGUAGE_STANDARD = gnu11;
				GCC_NO_COMMON_BLOCKS = YES;
				GCC_WARN_64_TO_32_BIT_CONVERSION = YES;
				GCC_WARN_ABOUT_RETURN_TYPE = YES_ERROR;
				GCC_WARN_UNDECLARED_SELECTOR = YES;
				GCC_WARN_UNINITIALIZED_AUTOS = YES_AGGRESSIVE;
				GCC_WARN_UNUSED_FUNCTION = YES;
				GCC_WARN_UNUSED_VARIABLE = YES;
				MTL_ENABLE_DEBUG_INFO = NO;
				MTL_FAST_MATH = YES;
				PRODUCT_NAME = "$(TARGET_NAME)";
				SDKROOT = iphoneos;
				SWIFT_COMPILATION_MODE = wholemodule;
				SWIFT_OPTIMIZATION_LEVEL = "-O";
				SWIFT_VERSION = 5.0;
			};
			name = Release;
		};
		DFE2BCEE154961282DF624C7 /* Debug */ = {
			isa = XCBuildConfiguration;
			buildSettings = {
				ASSETCATALOG_COMPILER_APPICON_NAME = AppIcon;
				CLANG_WARN_DOCUMENTATION_COMMENTS = NO;
				CLANG_WARN_QUOTED_INCLUDE_IN_FRAMEWORK_HEADER = NO;
				CODE_SIGN_IDENTITY = "iPhone Developer";
				COMPILER_INDEX_STORE_ENABLE = NO;
				CURRENT_PROJECT_VERSION = 1;
				ENABLE_USER_SCRIPT_SANDBOXING = NO;
				FRAMEWORK_SEARCH_PATHS = (
					"$(inherited)",
					"$(SRCROOT)/../Core/build/xcode-frameworks/$(CONFIGURATION)/$(SDK_NAME)",
				);
				GCC_WARN_64_TO_32_BIT_CONVERSION = NO;
				GENERATE_INFOPLIST_FILE = YES;
				INFOPLIST_KEY_UILaunchScreen_Generation = YES;
				IPHONEOS_DEPLOYMENT_TARGET = 16.0;
				LD_RUNPATH_SEARCH_PATHS = (
					"$(inherited)",
					"@executable_path/Frameworks",
				);
				MARKETING_VERSION = 1.0;
				OTHER_LDFLAGS = "$(inherited) -framework TaskBridgeCore";
				PRODUCT_BUNDLE_IDENTIFIER = com.taskbridge.TaskBridge;
				RUN_CLANG_STATIC_ANALYZER = NO;
				SDKROOT = iphoneos;
				TARGETED_DEVICE_FAMILY = "1,2";
			};
			name = Debug;
		};
/* End XCBuildConfiguration section */

/* Begin XCConfigurationList section */
		2DC0CC7D9D5138234B29788A /* Build configuration list for PBXProject "TaskBridge" */ = {
			isa = XCConfigurationList;
			buildConfigurations = (
				1F8DBE65542366C0F6F69B42 /* Debug */,
				78F7C3E5F3F0BD0120AA494D /* Release */,
			);
			defaultConfigurationIsVisible = 0;
			defaultConfigurationName = Debug;
		};
		86D68FCF486C23A2BB1F88F4 /* Build configuration list for PBXNativeTarget "TaskBridge" */ = {
			isa = XCConfigurationList;
			buildConfigurations = (
				DFE2BCEE154961282DF624C7 /* Debug */,
				4C217059808AD6FF59B4F201 /* Release */,
			);
			defaultConfigurationIsVisible = 0;
			defaultConfigurationName = Debug;
		};
/* End XCConfigurationList section */
	};
	rootObject = A36DD4BD5E229879ED0AEC50 /* Project object */;
}
